
Microsoft Visual Studio Solution File, Format Version 12.00
# Visual Studio Version 17
Project("{8BC9CEB8-8B4A-11D0-8D11-00A0C91BC942}") = "ALL_BUILD", "ALL_BUILD.vcxproj", "{A8D3E10E-BBBB-3A7E-ABCE-CEB1BC5E0F5C}"
	ProjectSection(ProjectDependencies) = postProject
		{18548441-1369-3D1F-ADCC-A2AA5C0486A3} = {18548441-1369-3D1F-ADCC-A2AA5C0486A3}
		{F6882A13-BE46-3056-A1FE-72EB90344FC6} = {F6882A13-BE46-3056-A1FE-72EB90344FC6}
	EndProjectSection
EndProject
Project("{8BC9CEB8-8B4A-11D0-8D11-00A0C91BC942}") = "ZERO_CHECK", "ZERO_CHECK.vcxproj", "{18548441-1369-3D1F-ADCC-A2AA5C0486A3}"
	ProjectSection(ProjectDependencies) = postProject
	EndProjectSection
EndProject
Project("{8BC9CEB8-8B4A-11D0-8D11-00A0C91BC942}") = "expensetracker", "expensetracker.vcxproj", "{F6882A13-BE46-3056-A1FE-72EB90344FC6}"
	ProjectSection(ProjectDependencies) = postProject
		{18548441-1369-3D1F-ADCC-A2AA5C0486A3} = {18548441-1369-3D1F-ADCC-A2AA5C0486A3}
	EndProjectSection
EndProject
Global
	GlobalSection(SolutionConfigurationPlatforms) = preSolution
		Debug|x64 = Debug|x64
		Release|x64 = Release|x64
		MinSizeRel|x64 = MinSizeRel|x64
		RelWithDebInfo|x64 = RelWithDebInfo|x64
	EndGlobalSection
	GlobalSection(ProjectConfigurationPlatforms) = postSolution
		{A8D3E10E-BBBB-3A7E-ABCE-CEB1BC5E0F5C}.Debug|x64.ActiveCfg = Debug|x64
		{A8D3E10E-BBBB-3A7E-ABCE-CEB1BC5E0F5C}.Release|x64.ActiveCfg = Release|x64
		{A8D3E10E-BBBB-3A7E-ABCE-CEB1BC5E0F5C}.MinSizeRel|x64.ActiveCfg = MinSizeRel|x64
		{A8D3E10E-BBBB-3A7E-ABCE-CEB1BC5E0F5C}.RelWithDebInfo|x64.ActiveCfg = RelWithDebInfo|x64
		{18548441-1369-3D1F-ADCC-A2AA5C0486A3}.Debug|x64.ActiveCfg = Debug|x64
		{18548441-1369-3D1F-ADCC-A2AA5C0486A3}.Debug|x64.Build.0 = Debug|x64
		{18548441-1369-3D1F-ADCC-A2AA5C0486A3}.Release|x64.ActiveCfg = Release|x64
		{18548441-1369-3D1F-ADCC-A2AA5C0486A3}.Release|x64.Build.0 = Release|x64
		{18548441-1369-3D1F-ADCC-A2AA5C0486A3}.MinSizeRel|x64.ActiveCfg = MinSizeRel|x64
		{18548441-1369-3D1F-ADCC-A2AA5C0486A3}.MinSizeRel|x64.Build.0 = MinSizeRel|x64
		{18548441-1369-3D1F-ADCC-A2AA5C0486A3}.RelWithDebInfo|x64.ActiveCfg = RelWithDebInfo|x64
		{18548441-1369-3D1F-ADCC-A2AA5C0486A3}.RelWithDebInfo|x64.Build.0 = RelWithDebInfo|x64
		{F6882A13-BE46-3056-A1FE-72EB90344FC6}.Debug|x64.ActiveCfg = Debug|x64
		{F6882A13-BE46-3056-A1FE-72EB90344FC6}.Debug|x64.Build.0 = Debug|x64
		{F6882A13-BE46-3056-A1FE-72EB90344FC6}.Release|x64.ActiveCfg = Release|x64
		{F6882A13-BE46-3056-A1FE-72EB90344FC6}.Release|x64.Build.0 = Release|x64
		{F6882A13-BE46-3056-A1FE-72EB90344FC6}.MinSizeRel|x64.ActiveCfg = MinSizeRel|x64
		{F6882A13-BE46-3056-A1FE-72EB90344FC6}.MinSizeRel|x64.Build.0 = MinSizeRel|x64
		{F6882A13-BE46-3056-A1FE-72EB90344FC6}.RelWithDebInfo|x64.ActiveCfg = RelWithDebInfo|x64
		{F6882A13-BE46-3056-A1FE-72EB90344FC6}.RelWithDebInfo|x64.Build.0 = RelWithDebInfo|x64
	EndGlobalSection
	GlobalSection(ExtensibilityGlobals) = postSolution
		SolutionGuid = {43D77E14-61EB-3E5F-A2C9-1BDAD662285B}
	EndGlobalSection
	GlobalSection(ExtensibilityAddIns) = postSolution
	EndGlobalSection
EndGlobal
